Microsoft Visual Studio Solution File, Format Version 12.00
# Visual Studio 15
VisualStudioVersion = 15.0.26430.6
MinimumVisualStudioVersion = 15.0.26124.0
Project("{FAE04EC0-301F-11D3-BF4B-00C04F79EFBC}") = "GraphicsCore.Interface", "Interface\GraphicsCore.Interface.csproj", "{B5D8ADC5-2659-4396-878E-16F2400EF16C}"
EndProject
Project("{FAE04EC0-301F-11D3-BF4B-00C04F79EFBC}") = "GraphicsCore.Stub", "Stub\GraphicsCore.Stub.csproj", "{E8FB5FA7-325D-4882-917E-FDBF8F784051}"
EndProject
Project("{FAE04EC0-301F-11D3-BF4B-00C04F79EFBC}") = "GraphicsCore", "GraphicsCore.csproj", "{ECDBB1C9-898A-417E-91BE-9F2A852A1EB5}"
EndProject
Project("{2150E333-8FDC-42A3-9474-1A3956D46DE8}") = "Platforms", "Platforms", "{B61B2178-D101-4724-A637-DC8E456693FA}"
EndProject
Project("{FAE04EC0-301F-11D3-BF4B-00C04F79EFBC}") = "GraphicsCore.Platforms.Desktop", "Platforms\Desktop\GraphicsCore.Platforms.Desktop.csproj", "{ED1A2EBF-97AB-4E08-AE35-0E19F74EEC1E}"
EndProject
Project("{2150E333-8FDC-42A3-9474-1A3956D46DE8}") = "Examples", "Examples", "{B7AF16A4-F5EA-4830-B54F-48C80E02F0AE}"
EndProject
Project("{FAE04EC0-301F-11D3-BF4B-00C04F79EFBC}") = "HelloWorld", "Examples\HelloWorld\HelloWorld.csproj", "{F2808334-C47D-4C75-AE6E-28E50FBBD9AD}"
EndProject
Project("{FAE04EC0-301F-11D3-BF4B-00C04F79EFBC}") = "GraphicsCore.Platforms.Android", "Platforms\Android\GraphicsCore.Platforms.Android.csproj", "{5513125A-D9D4-4807-8989-2A24E952B1AB}"
EndProject
Project("{FAE04EC0-301F-11D3-BF4B-00C04F79EFBC}") = "GraphicsCore.Platforms.iOS", "Platforms\iOS\GraphicsCore.Platforms.iOS.csproj", "{AD862008-DA88-4733-88BD-4032F571E98D}"
EndProject
Project("{2150E333-8FDC-42A3-9474-1A3956D46DE8}") = "Generators", "Generators", "{8DECC0A5-EB54-4490-974A-9B05139E2AF0}"
EndProject
Project("{FAE04EC0-301F-11D3-BF4B-00C04F79EFBC}") = "GraphicsCore.Platforms.Desktop.Generator", "Platforms\Desktop\Generator\GraphicsCore.Platforms.Desktop.Generator.csproj", "{A0FF8365-1C95-4288-B327-83D88C7A1655}"
EndProject
Global
	GlobalSection(SolutionConfigurationPlatforms) = preSolution
		Ad-Hoc|Any CPU = Ad-Hoc|Any CPU
		Ad-Hoc|iPhone = Ad-Hoc|iPhone
		Ad-Hoc|iPhoneSimulator = Ad-Hoc|iPhoneSimulator
		Ad-Hoc|x64 = Ad-Hoc|x64
		Ad-Hoc|x86 = Ad-Hoc|x86
		AppStore|Any CPU = AppStore|Any CPU
		AppStore|iPhone = AppStore|iPhone
		AppStore|iPhoneSimulator = AppStore|iPhoneSimulator
		AppStore|x64 = AppStore|x64
		AppStore|x86 = AppStore|x86
		Debug|Any CPU = Debug|Any CPU
		Debug|iPhone = Debug|iPhone
		Debug|iPhoneSimulator = Debug|iPhoneSimulator
		Debug|x64 = Debug|x64
		Debug|x86 = Debug|x86
		Release|Any CPU = Release|Any CPU
		Release|iPhone = Release|iPhone
		Release|iPhoneSimulator = Release|iPhoneSimulator
		Release|x64 = Release|x64
		Release|x86 = Release|x86
	EndGlobalSection
	GlobalSection(ProjectConfigurationPlatforms) = postSolution
		{B5D8ADC5-2659-4396-878E-16F2400EF16C}.Ad-Hoc|Any CPU.ActiveCfg = Release|Any CPU
		{B5D8ADC5-2659-4396-878E-16F2400EF16C}.Ad-Hoc|Any CPU.Build.0 = Release|Any CPU
		{B5D8ADC5-2659-4396-878E-16F2400EF16C}.Ad-Hoc|iPhone.ActiveCfg = Release|Any CPU
		{B5D8ADC5-2659-4396-878E-16F2400EF16C}.Ad-Hoc|iPhone.Build.0 = Release|Any CPU
		{B5D8ADC5-2659-4396-878E-16F2400EF16C}.Ad-Hoc|iPhoneSimulator.ActiveCfg = Release|Any CPU
		{B5D8ADC5-2659-4396-878E-16F2400EF16C}.Ad-Hoc|iPhoneSimulator.Build.0 = Release|Any CPU
		{B5D8ADC5-2659-4396-878E-16F2400EF16C}.Ad-Hoc|x64.ActiveCfg = Release|Any CPU
		{B5D8ADC5-2659-4396-878E-16F2400EF16C}.Ad-Hoc|x64.Build.0 = Release|Any CPU
		{B5D8ADC5-2659-4396-878E-16F2400EF16C}.Ad-Hoc|x86.ActiveCfg = Release|Any CPU
		{B5D8ADC5-2659-4396-878E-16F2400EF16C}.Ad-Hoc|x86.Build.0 = Release|Any CPU
		{B5D8ADC5-2659-4396-878E-16F2400EF16C}.AppStore|Any CPU.ActiveCfg = Release|Any CPU
		{B5D8ADC5-2659-4396-878E-16F2400EF16C}.AppStore|Any CPU.Build.0 = Release|Any CPU
		{B5D8ADC5-2659-4396-878E-16F2400EF16C}.AppStore|iPhone.ActiveCfg = Release|Any CPU
		{B5D8ADC5-2659-4396-878E-16F2400EF16C}.AppStore|iPhone.Build.0 = Release|Any CPU
		{B5D8ADC5-2659-4396-878E-16F2400EF16C}.AppStore|iPhoneSimulator.ActiveCfg = Release|Any CPU
		{B5D8ADC5-2659-4396-878E-16F2400EF16C}.AppStore|iPhoneSimulator.Build.0 = Release|Any CPU
		{B5D8ADC5-2659-4396-878E-16F2400EF16C}.AppStore|x64.ActiveCfg = Release|Any CPU
		{B5D8ADC5-2659-4396-878E-16F2400EF16C}.AppStore|x64.Build.0 = Release|Any CPU
		{B5D8ADC5-2659-4396-878E-16F2400EF16C}.AppStore|x86.ActiveCfg = Release|Any CPU
		{B5D8ADC5-2659-4396-878E-16F2400EF16C}.AppStore|x86.Build.0 = Release|Any CPU
		{B5D8ADC5-2659-4396-878E-16F2400EF16C}.Debug|Any CPU.ActiveCfg = Debug|Any CPU
		{B5D8ADC5-2659-4396-878E-16F2400EF16C}.Debug|Any CPU.Build.0 = Debug|Any CPU
		{B5D8ADC5-2659-4396-878E-16F2400EF16C}.Debug|iPhone.ActiveCfg = Debug|Any CPU
		{B5D8ADC5-2659-4396-878E-16F2400EF16C}.Debug|iPhone.Build.0 = Debug|Any CPU
		{B5D8ADC5-2659-4396-878E-16F2400EF16C}.Debug|iPhoneSimulator.ActiveCfg = Debug|Any CPU
		{B5D8ADC5-2659-4396-878E-16F2400EF16C}.Debug|iPhoneSimulator.Build.0 = Debug|Any CPU
		{B5D8ADC5-2659-4396-878E-16F2400EF16C}.Debug|x64.ActiveCfg = Debug|Any CPU
		{B5D8ADC5-2659-4396-878E-16F2400EF16C}.Debug|x64.Build.0 = Debug|Any CPU
		{B5D8ADC5-2659-4396-878E-16F2400EF16C}.Debug|x86.ActiveCfg = Debug|Any CPU
		{B5D8ADC5-2659-4396-878E-16F2400EF16C}.Debug|x86.Build.0 = Debug|Any CPU
		{B5D8ADC5-2659-4396-878E-16F2400EF16C}.Release|Any CPU.ActiveCfg = Release|Any CPU
		{B5D8ADC5-2659-4396-878E-16F2400EF16C}.Release|Any CPU.Build.0 = Release|Any CPU
		{B5D8ADC5-2659-4396-878E-16F2400EF16C}.Release|iPhone.ActiveCfg = Release|Any CPU
		{B5D8ADC5-2659-4396-878E-16F2400EF16C}.Release|iPhone.Build.0 = Release|Any CPU
		{B5D8ADC5-2659-4396-878E-16F2400EF16C}.Release|iPhoneSimulator.ActiveCfg = Release|Any CPU
		{B5D8ADC5-2659-4396-878E-16F2400EF16C}.Release|iPhoneSimulator.Build.0 = Release|Any CPU
		{B5D8ADC5-2659-4396-878E-16F2400EF16C}.Release|x64.ActiveCfg = Release|Any CPU
		{B5D8ADC5-2659-4396-878E-16F2400EF16C}.Release|x64.Build.0 = Release|Any CPU
		{B5D8ADC5-2659-4396-878E-16F2400EF16C}.Release|x86.ActiveCfg = Release|Any CPU
		{B5D8ADC5-2659-4396-878E-16F2400EF16C}.Release|x86.Build.0 = Release|Any CPU
		{E8FB5FA7-325D-4882-917E-FDBF8F784051}.Ad-Hoc|Any CPU.ActiveCfg = Release|Any CPU
		{E8FB5FA7-325D-4882-917E-FDBF8F784051}.Ad-Hoc|Any CPU.Build.0 = Release|Any CPU
		{E8FB5FA7-325D-4882-917E-FDBF8F784051}.Ad-Hoc|iPhone.ActiveCfg = Release|Any CPU
		{E8FB5FA7-325D-4882-917E-FDBF8F784051}.Ad-Hoc|iPhone.Build.0 = Release|Any CPU
		{E8FB5FA7-325D-4882-917E-FDBF8F784051}.Ad-Hoc|iPhoneSimulator.ActiveCfg = Release|Any CPU
		{E8FB5FA7-325D-4882-917E-FDBF8F784051}.Ad-Hoc|iPhoneSimulator.Build.0 = Release|Any CPU
		{E8FB5FA7-325D-4882-917E-FDBF8F784051}.Ad-Hoc|x64.ActiveCfg = Release|Any CPU
		{E8FB5FA7-325D-4882-917E-FDBF8F784051}.Ad-Hoc|x64.Build.0 = Release|Any CPU
		{E8FB5FA7-325D-4882-917E-FDBF8F784051}.Ad-Hoc|x86.ActiveCfg = Release|Any CPU
		{E8FB5FA7-325D-4882-917E-FDBF8F784051}.Ad-Hoc|x86.Build.0 = Release|Any CPU
		{E8FB5FA7-325D-4882-917E-FDBF8F784051}.AppStore|Any CPU.ActiveCfg = Release|Any CPU
		{E8FB5FA7-325D-4882-917E-FDBF8F784051}.AppStore|Any CPU.Build.0 = Release|Any CPU
		{E8FB5FA7-325D-4882-917E-FDBF8F784051}.AppStore|iPhone.ActiveCfg = Release|Any CPU
		{E8FB5FA7-325D-4882-917E-FDBF8F784051}.AppStore|iPhone.Build.0 = Release|Any CPU
		{E8FB5FA7-325D-4882-917E-FDBF8F784051}.AppStore|iPhoneSimulator.ActiveCfg = Release|Any CPU
		{E8FB5FA7-325D-4882-917E-FDBF8F784051}.AppStore|iPhoneSimulator.Build.0 = Release|Any CPU
		{E8FB5FA7-325D-4882-917E-FDBF8F784051}.AppStore|x64.ActiveCfg = Release|Any CPU
		{E8FB5FA7-325D-4882-917E-FDBF8F784051}.AppStore|x64.Build.0 = Release|Any CPU
		{E8FB5FA7-325D-4882-917E-FDBF8F784051}.AppStore|x86.ActiveCfg = Release|Any CPU
		{E8FB5FA7-325D-4882-917E-FDBF8F784051}.AppStore|x86.Build.0 = Release|Any CPU
		{E8FB5FA7-325D-4882-917E-FDBF8F784051}.Debug|Any CPU.ActiveCfg = Debug|Any CPU
		{E8FB5FA7-325D-4882-917E-FDBF8F784051}.Debug|Any CPU.Build.0 = Debug|Any CPU
		{E8FB5FA7-325D-4882-917E-FDBF8F784051}.Debug|iPhone.ActiveCfg = Debug|Any CPU
		{E8FB5FA7-325D-4882-917E-FDBF8F784051}.Debug|iPhone.Build.0 = Debug|Any CPU
		{E8FB5FA7-325D-4882-917E-FDBF8F784051}.Debug|iPhoneSimulator.ActiveCfg = Debug|Any CPU
		{E8FB5FA7-325D-4882-917E-FDBF8F784051}.Debug|iPhoneSimulator.Build.0 = Debug|Any CPU
		{E8FB5FA7-325D-4882-917E-FDBF8F784051}.Debug|x64.ActiveCfg = Debug|Any CPU
		{E8FB5FA7-325D-4882-917E-FDBF8F784051}.Debug|x64.Build.0 = Debug|Any CPU
		{E8FB5FA7-325D-4882-917E-FDBF8F784051}.Debug|x86.ActiveCfg = Debug|Any CPU
		{E8FB5FA7-325D-4882-917E-FDBF8F784051}.Debug|x86.Build.0 = Debug|Any CPU
		{E8FB5FA7-325D-4882-917E-FDBF8F784051}.Release|Any CPU.ActiveCfg = Release|Any CPU
		{E8FB5FA7-325D-4882-917E-FDBF8F784051}.Release|Any CPU.Build.0 = Release|Any CPU
		{E8FB5FA7-325D-4882-917E-FDBF8F784051}.Release|iPhone.ActiveCfg = Release|Any CPU
		{E8FB5FA7-325D-4882-917E-FDBF8F784051}.Release|iPhone.Build.0 = Release|Any CPU
		{E8FB5FA7-325D-4882-917E-FDBF8F784051}.Release|iPhoneSimulator.ActiveCfg = Release|Any CPU
		{E8FB5FA7-325D-4882-917E-FDBF8F784051}.Release|iPhoneSimulator.Build.0 = Release|Any CPU
		{E8FB5FA7-325D-4882-917E-FDBF8F784051}.Release|x64.ActiveCfg = Release|Any CPU
		{E8FB5FA7-325D-4882-917E-FDBF8F784051}.Release|x64.Build.0 = Release|Any CPU
		{E8FB5FA7-325D-4882-917E-FDBF8F784051}.Release|x86.ActiveCfg = Release|Any CPU
		{E8FB5FA7-325D-4882-917E-FDBF8F784051}.Release|x86.Build.0 = Release|Any CPU
		{ECDBB1C9-898A-417E-91BE-9F2A852A1EB5}.Ad-Hoc|Any CPU.ActiveCfg = Release|Any CPU
		{ECDBB1C9-898A-417E-91BE-9F2A852A1EB5}.Ad-Hoc|Any CPU.Build.0 = Release|Any CPU
		{ECDBB1C9-898A-417E-91BE-9F2A852A1EB5}.Ad-Hoc|iPhone.ActiveCfg = Release|Any CPU
		{ECDBB1C9-898A-417E-91BE-9F2A852A1EB5}.Ad-Hoc|iPhone.Build.0 = Release|Any CPU
		{ECDBB1C9-898A-417E-91BE-9F2A852A1EB5}.Ad-Hoc|iPhoneSimulator.ActiveCfg = Release|Any CPU
		{ECDBB1C9-898A-417E-91BE-9F2A852A1EB5}.Ad-Hoc|iPhoneSimulator.Build.0 = Release|Any CPU
		{ECDBB1C9-898A-417E-91BE-9F2A852A1EB5}.Ad-Hoc|x64.ActiveCfg = Release|Any CPU
		{ECDBB1C9-898A-417E-91BE-9F2A852A1EB5}.Ad-Hoc|x64.Build.0 = Release|Any CPU
		{ECDBB1C9-898A-417E-91BE-9F2A852A1EB5}.Ad-Hoc|x86.ActiveCfg = Release|Any CPU
		{ECDBB1C9-898A-417E-91BE-9F2A852A1EB5}.Ad-Hoc|x86.Build.0 = Release|Any CPU
		{ECDBB1C9-898A-417E-91BE-9F2A852A1EB5}.AppStore|Any CPU.ActiveCfg = Release|Any CPU
		{ECDBB1C9-898A-417E-91BE-9F2A852A1EB5}.AppStore|Any CPU.Build.0 = Release|Any CPU
		{ECDBB1C9-898A-417E-91BE-9F2A852A1EB5}.AppStore|iPhone.ActiveCfg = Release|Any CPU
		{ECDBB1C9-898A-417E-91BE-9F2A852A1EB5}.AppStore|iPhone.Build.0 = Release|Any CPU
		{ECDBB1C9-898A-417E-91BE-9F2A852A1EB5}.AppStore|iPhoneSimulator.ActiveCfg = Release|Any CPU
		{ECDBB1C9-898A-417E-91BE-9F2A852A1EB5}.AppStore|iPhoneSimulator.Build.0 = Release|Any CPU
		{ECDBB1C9-898A-417E-91BE-9F2A852A1EB5}.AppStore|x64.ActiveCfg = Release|Any CPU
		{ECDBB1C9-898A-417E-91BE-9F2A852A1EB5}.AppStore|x64.Build.0 = Release|Any CPU
		{ECDBB1C9-898A-417E-91BE-9F2A852A1EB5}.AppStore|x86.ActiveCfg = Release|Any CPU
		{ECDBB1C9-898A-417E-91BE-9F2A852A1EB5}.AppStore|x86.Build.0 = Release|Any CPU
		{ECDBB1C9-898A-417E-91BE-9F2A852A1EB5}.Debug|Any CPU.ActiveCfg = Debug|Any CPU
		{ECDBB1C9-898A-417E-91BE-9F2A852A1EB5}.Debug|Any CPU.Build.0 = Debug|Any CPU
		{ECDBB1C9-898A-417E-91BE-9F2A852A1EB5}.Debug|iPhone.ActiveCfg = Debug|Any CPU
		{ECDBB1C9-898A-417E-91BE-9F2A852A1EB5}.Debug|iPhone.Build.0 = Debug|Any CPU
		{ECDBB1C9-898A-417E-91BE-9F2A852A1EB5}.Debug|iPhoneSimulator.ActiveCfg = Debug|Any CPU
		{ECDBB1C9-898A-417E-91BE-9F2A852A1EB5}.Debug|iPhoneSimulator.Build.0 = Debug|Any CPU
		{ECDBB1C9-898A-417E-91BE-9F2A852A1EB5}.Debug|x64.ActiveCfg = Debug|Any CPU
		{ECDBB1C9-898A-417E-91BE-9F2A852A1EB5}.Debug|x64.Build.0 = Debug|Any CPU
		{ECDBB1C9-898A-417E-91BE-9F2A852A1EB5}.Debug|x86.ActiveCfg = Debug|Any CPU
		{ECDBB1C9-898A-417E-91BE-9F2A852A1EB5}.Debug|x86.Build.0 = Debug|Any CPU
		{ECDBB1C9-898A-417E-91BE-9F2A852A1EB5}.Release|Any CPU.ActiveCfg = Release|Any CPU
		{ECDBB1C9-898A-417E-91BE-9F2A852A1EB5}.Release|Any CPU.Build.0 = Release|Any CPU
		{ECDBB1C9-898A-417E-91BE-9F2A852A1EB5}.Release|iPhone.ActiveCfg = Release|Any CPU
		{ECDBB1C9-898A-417E-91BE-9F2A852A1EB5}.Release|iPhone.Build.0 = Release|Any CPU
		{ECDBB1C9-898A-417E-91BE-9F2A852A1EB5}.Release|iPhoneSimulator.ActiveCfg = Release|Any CPU
		{ECDBB1C9-898A-417E-91BE-9F2A852A1EB5}.Release|iPhoneSimulator.Build.0 = Release|Any CPU
		{ECDBB1C9-898A-417E-91BE-9F2A852A1EB5}.Release|x64.ActiveCfg = Release|Any CPU
		{ECDBB1C9-898A-417E-91BE-9F2A852A1EB5}.Release|x64.Build.0 = Release|Any CPU
		{ECDBB1C9-898A-417E-91BE-9F2A852A1EB5}.Release|x86.ActiveCfg = Release|Any CPU
		{ECDBB1C9-898A-417E-91BE-9F2A852A1EB5}.Release|x86.Build.0 = Release|Any CPU
		{ED1A2EBF-97AB-4E08-AE35-0E19F74EEC1E}.Ad-Hoc|Any CPU.ActiveCfg = Release|Any CPU
		{ED1A2EBF-97AB-4E08-AE35-0E19F74EEC1E}.Ad-Hoc|Any CPU.Build.0 = Release|Any CPU
		{ED1A2EBF-97AB-4E08-AE35-0E19F74EEC1E}.Ad-Hoc|iPhone.ActiveCfg = Release|Any CPU
		{ED1A2EBF-97AB-4E08-AE35-0E19F74EEC1E}.Ad-Hoc|iPhone.Build.0 = Release|Any CPU
		{ED1A2EBF-97AB-4E08-AE35-0E19F74EEC1E}.Ad-Hoc|iPhoneSimulator.ActiveCfg = Release|Any CPU
		{ED1A2EBF-97AB-4E08-AE35-0E19F74EEC1E}.Ad-Hoc|iPhoneSimulator.Build.0 = Release|Any CPU
		{ED1A2EBF-97AB-4E08-AE35-0E19F74EEC1E}.Ad-Hoc|x64.ActiveCfg = Release|Any CPU
		{ED1A2EBF-97AB-4E08-AE35-0E19F74EEC1E}.Ad-Hoc|x64.Build.0 = Release|Any CPU
		{ED1A2EBF-97AB-4E08-AE35-0E19F74EEC1E}.Ad-Hoc|x86.ActiveCfg = Release|Any CPU
		{ED1A2EBF-97AB-4E08-AE35-0E19F74EEC1E}.Ad-Hoc|x86.Build.0 = Release|Any CPU
		{ED1A2EBF-97AB-4E08-AE35-0E19F74EEC1E}.AppStore|Any CPU.ActiveCfg = Release|Any CPU
		{ED1A2EBF-97AB-4E08-AE35-0E19F74EEC1E}.AppStore|Any CPU.Build.0 = Release|Any CPU
		{ED1A2EBF-97AB-4E08-AE35-0E19F74EEC1E}.AppStore|iPhone.ActiveCfg = Release|Any CPU
		{ED1A2EBF-97AB-4E08-AE35-0E19F74EEC1E}.AppStore|iPhone.Build.0 = Release|Any CPU
		{ED1A2EBF-97AB-4E08-AE35-0E19F74EEC1E}.AppStore|iPhoneSimulator.ActiveCfg = Release|Any CPU
		{ED1A2EBF-97AB-4E08-AE35-0E19F74EEC1E}.AppStore|iPhoneSimulator.Build.0 = Release|Any CPU
		{ED1A2EBF-97AB-4E08-AE35-0E19F74EEC1E}.AppStore|x64.ActiveCfg = Release|Any CPU
		{ED1A2EBF-97AB-4E08-AE35-0E19F74EEC1E}.AppStore|x64.Build.0 = Release|Any CPU
		{ED1A2EBF-97AB-4E08-AE35-0E19F74EEC1E}.AppStore|x86.ActiveCfg = Release|Any CPU
		{ED1A2EBF-97AB-4E08-AE35-0E19F74EEC1E}.AppStore|x86.Build.0 = Release|Any CPU
		{ED1A2EBF-97AB-4E08-AE35-0E19F74EEC1E}.Debug|Any CPU.ActiveCfg = Debug|Any CPU
		{ED1A2EBF-97AB-4E08-AE35-0E19F74EEC1E}.Debug|Any CPU.Build.0 = Debug|Any CPU
		{ED1A2EBF-97AB-4E08-AE35-0E19F74EEC1E}.Debug|iPhone.ActiveCfg = Debug|Any CPU
		{ED1A2EBF-97AB-4E08-AE35-0E19F74EEC1E}.Debug|iPhone.Build.0 = Debug|Any CPU
		{ED1A2EBF-97AB-4E08-AE35-0E19F74EEC1E}.Debug|iPhoneSimulator.ActiveCfg = Debug|Any CPU
		{ED1A2EBF-97AB-4E08-AE35-0E19F74EEC1E}.Debug|iPhoneSimulator.Build.0 = Debug|Any CPU
		{ED1A2EBF-97AB-4E08-AE35-0E19F74EEC1E}.Debug|x64.ActiveCfg = Debug|Any CPU
		{ED1A2EBF-97AB-4E08-AE35-0E19F74EEC1E}.Debug|x64.Build.0 = Debug|Any CPU
		{ED1A2EBF-97AB-4E08-AE35-0E19F74EEC1E}.Debug|x86.ActiveCfg = Debug|Any CPU
		{ED1A2EBF-97AB-4E08-AE35-0E19F74EEC1E}.Debug|x86.Build.0 = Debug|Any CPU
		{ED1A2EBF-97AB-4E08-AE35-0E19F74EEC1E}.Release|Any CPU.ActiveCfg = Release|Any CPU
		{ED1A2EBF-97AB-4E08-AE35-0E19F74EEC1E}.Release|Any CPU.Build.0 = Release|Any CPU
		{ED1A2EBF-97AB-4E08-AE35-0E19F74EEC1E}.Release|iPhone.ActiveCfg = Release|Any CPU
		{ED1A2EBF-97AB-4E08-AE35-0E19F74EEC1E}.Release|iPhone.Build.0 = Release|Any CPU
		{ED1A2EBF-97AB-4E08-AE35-0E19F74EEC1E}.Release|iPhoneSimulator.ActiveCfg = Release|Any CPU
		{ED1A2EBF-97AB-4E08-AE35-0E19F74EEC1E}.Release|iPhoneSimulator.Build.0 = Release|Any CPU
		{ED1A2EBF-97AB-4E08-AE35-0E19F74EEC1E}.Release|x64.ActiveCfg = Release|Any CPU
		{ED1A2EBF-97AB-4E08-AE35-0E19F74EEC1E}.Release|x64.Build.0 = Release|Any CPU
		{ED1A2EBF-97AB-4E08-AE35-0E19F74EEC1E}.Release|x86.ActiveCfg = Release|Any CPU
		{ED1A2EBF-97AB-4E08-AE35-0E19F74EEC1E}.Release|x86.Build.0 = Release|Any CPU
		{F2808334-C47D-4C75-AE6E-28E50FBBD9AD}.Ad-Hoc|Any CPU.ActiveCfg = Release|Any CPU
		{F2808334-C47D-4C75-AE6E-28E50FBBD9AD}.Ad-Hoc|Any CPU.Build.0 = Release|Any CPU
		{F2808334-C47D-4C75-AE6E-28E50FBBD9AD}.Ad-Hoc|iPhone.ActiveCfg = Release|Any CPU
		{F2808334-C47D-4C75-AE6E-28E50FBBD9AD}.Ad-Hoc|iPhone.Build.0 = Release|Any CPU
		{F2808334-C47D-4C75-AE6E-28E50FBBD9AD}.Ad-Hoc|iPhoneSimulator.ActiveCfg = Release|Any CPU
		{F2808334-C47D-4C75-AE6E-28E50FBBD9AD}.Ad-Hoc|iPhoneSimulator.Build.0 = Release|Any CPU
		{F2808334-C47D-4C75-AE6E-28E50FBBD9AD}.Ad-Hoc|x64.ActiveCfg = Release|Any CPU
		{F2808334-C47D-4C75-AE6E-28E50FBBD9AD}.Ad-Hoc|x64.Build.0 = Release|Any CPU
		{F2808334-C47D-4C75-AE6E-28E50FBBD9AD}.Ad-Hoc|x86.ActiveCfg = Release|Any CPU
		{F2808334-C47D-4C75-AE6E-28E50FBBD9AD}.Ad-Hoc|x86.Build.0 = Release|Any CPU
		{F2808334-C47D-4C75-AE6E-28E50FBBD9AD}.AppStore|Any CPU.ActiveCfg = Release|Any CPU
		{F2808334-C47D-4C75-AE6E-28E50FBBD9AD}.AppStore|Any CPU.Build.0 = Release|Any CPU
		{F2808334-C47D-4C75-AE6E-28E50FBBD9AD}.AppStore|iPhone.ActiveCfg = Release|Any CPU
		{F2808334-C47D-4C75-AE6E-28E50FBBD9AD}.AppStore|iPhone.Build.0 = Release|Any CPU
		{F2808334-C47D-4C75-AE6E-28E50FBBD9AD}.AppStore|iPhoneSimulator.ActiveCfg = Release|Any CPU
		{F2808334-C47D-4C75-AE6E-28E50FBBD9AD}.AppStore|iPhoneSimulator.Build.0 = Release|Any CPU
		{F2808334-C47D-4C75-AE6E-28E50FBBD9AD}.AppStore|x64.ActiveCfg = Release|Any CPU
		{F2808334-C47D-4C75-AE6E-28E50FBBD9AD}.AppStore|x64.Build.0 = Release|Any CPU
		{F2808334-C47D-4C75-AE6E-28E50FBBD9AD}.AppStore|x86.ActiveCfg = Release|Any CPU
		{F2808334-C47D-4C75-AE6E-28E50FBBD9AD}.AppStore|x86.Build.0 = Release|Any CPU
		{F2808334-C47D-4C75-AE6E-28E50FBBD9AD}.Debug|Any CPU.ActiveCfg = Debug|Any CPU
		{F2808334-C47D-4C75-AE6E-28E50FBBD9AD}.Debug|Any CPU.Build.0 = Debug|Any CPU
		{F2808334-C47D-4C75-AE6E-28E50FBBD9AD}.Debug|iPhone.ActiveCfg = Debug|Any CPU
		{F2808334-C47D-4C75-AE6E-28E50FBBD9AD}.Debug|iPhone.Build.0 = Debug|Any CPU
		{F2808334-C47D-4C75-AE6E-28E50FBBD9AD}.Debug|iPhoneSimulator.ActiveCfg = Debug|Any CPU
		{F2808334-C47D-4C75-AE6E-28E50FBBD9AD}.Debug|iPhoneSimulator.Build.0 = Debug|Any CPU
		{F2808334-C47D-4C75-AE6E-28E50FBBD9AD}.Debug|x64.ActiveCfg = Debug|Any CPU
		{F2808334-C47D-4C75-AE6E-28E50FBBD9AD}.Debug|x64.Build.0 = Debug|Any CPU
		{F2808334-C47D-4C75-AE6E-28E50FBBD9AD}.Debug|x86.ActiveCfg = Debug|Any CPU
		{F2808334-C47D-4C75-AE6E-28E50FBBD9AD}.Debug|x86.Build.0 = Debug|Any CPU
		{F2808334-C47D-4C75-AE6E-28E50FBBD9AD}.Release|Any CPU.ActiveCfg = Release|Any CPU
		{F2808334-C47D-4C75-AE6E-28E50FBBD9AD}.Release|Any CPU.Build.0 = Release|Any CPU
		{F2808334-C47D-4C75-AE6E-28E50FBBD9AD}.Release|iPhone.ActiveCfg = Release|Any CPU
		{F2808334-C47D-4C75-AE6E-28E50FBBD9AD}.Release|iPhone.Build.0 = Release|Any CPU
		{F2808334-C47D-4C75-AE6E-28E50FBBD9AD}.Release|iPhoneSimulator.ActiveCfg = Release|Any CPU
		{F2808334-C47D-4C75-AE6E-28E50FBBD9AD}.Release|iPhoneSimulator.Build.0 = Release|Any CPU
		{F2808334-C47D-4C75-AE6E-28E50FBBD9AD}.Release|x64.ActiveCfg = Release|Any CPU
		{F2808334-C47D-4C75-AE6E-28E50FBBD9AD}.Release|x64.Build.0 = Release|Any CPU
		{F2808334-C47D-4C75-AE6E-28E50FBBD9AD}.Release|x86.ActiveCfg = Release|Any CPU
		{F2808334-C47D-4C75-AE6E-28E50FBBD9AD}.Release|x86.Build.0 = Release|Any CPU
		{5513125A-D9D4-4807-8989-2A24E952B1AB}.Ad-Hoc|Any CPU.ActiveCfg = Release|Any CPU
		{5513125A-D9D4-4807-8989-2A24E952B1AB}.Ad-Hoc|Any CPU.Build.0 = Release|Any CPU
		{5513125A-D9D4-4807-8989-2A24E952B1AB}.Ad-Hoc|Any CPU.Deploy.0 = Release|Any CPU
		{5513125A-D9D4-4807-8989-2A24E952B1AB}.Ad-Hoc|iPhone.ActiveCfg = Release|Any CPU
		{5513125A-D9D4-4807-8989-2A24E952B1AB}.Ad-Hoc|iPhone.Build.0 = Release|Any CPU
		{5513125A-D9D4-4807-8989-2A24E952B1AB}.Ad-Hoc|iPhone.Deploy.0 = Release|Any CPU
		{5513125A-D9D4-4807-8989-2A24E952B1AB}.Ad-Hoc|iPhoneSimulator.ActiveCfg = Release|Any CPU
		{5513125A-D9D4-4807-8989-2A24E952B1AB}.Ad-Hoc|iPhoneSimulator.Build.0 = Release|Any CPU
		{5513125A-D9D4-4807-8989-2A24E952B1AB}.Ad-Hoc|iPhoneSimulator.Deploy.0 = Release|Any CPU
		{5513125A-D9D4-4807-8989-2A24E952B1AB}.Ad-Hoc|x64.ActiveCfg = Release|Any CPU
		{5513125A-D9D4-4807-8989-2A24E952B1AB}.Ad-Hoc|x64.Build.0 = Release|Any CPU
		{5513125A-D9D4-4807-8989-2A24E952B1AB}.Ad-Hoc|x64.Deploy.0 = Release|Any CPU
		{5513125A-D9D4-4807-8989-2A24E952B1AB}.Ad-Hoc|x86.ActiveCfg = Release|Any CPU
		{5513125A-D9D4-4807-8989-2A24E952B1AB}.Ad-Hoc|x86.Build.0 = Release|Any CPU
		{5513125A-D9D4-4807-8989-2A24E952B1AB}.Ad-Hoc|x86.Deploy.0 = Release|Any CPU
		{5513125A-D9D4-4807-8989-2A24E952B1AB}.AppStore|Any CPU.ActiveCfg = Release|Any CPU
		{5513125A-D9D4-4807-8989-2A24E952B1AB}.AppStore|Any CPU.Build.0 = Release|Any CPU
		{5513125A-D9D4-4807-8989-2A24E952B1AB}.AppStore|Any CPU.Deploy.0 = Release|Any CPU
		{5513125A-D9D4-4807-8989-2A24E952B1AB}.AppStore|iPhone.ActiveCfg = Release|Any CPU
		{5513125A-D9D4-4807-8989-2A24E952B1AB}.AppStore|iPhone.Build.0 = Release|Any CPU
		{5513125A-D9D4-4807-8989-2A24E952B1AB}.AppStore|iPhone.Deploy.0 = Release|Any CPU
		{5513125A-D9D4-4807-8989-2A24E952B1AB}.AppStore|iPhoneSimulator.ActiveCfg = Release|Any CPU
		{5513125A-D9D4-4807-8989-2A24E952B1AB}.AppStore|iPhoneSimulator.Build.0 = Release|Any CPU
		{5513125A-D9D4-4807-8989-2A24E952B1AB}.AppStore|iPhoneSimulator.Deploy.0 = Release|Any CPU
		{5513125A-D9D4-4807-8989-2A24E952B1AB}.AppStore|x64.ActiveCfg = Release|Any CPU
		{5513125A-D9D4-4807-8989-2A24E952B1AB}.AppStore|x64.Build.0 = Release|Any CPU
		{5513125A-D9D4-4807-8989-2A24E952B1AB}.AppStore|x64.Deploy.0 = Release|Any CPU
		{5513125A-D9D4-4807-8989-2A24E952B1AB}.AppStore|x86.ActiveCfg = Release|Any CPU
		{5513125A-D9D4-4807-8989-2A24E952B1AB}.AppStore|x86.Build.0 = Release|Any CPU
		{5513125A-D9D4-4807-8989-2A24E952B1AB}.AppStore|x86.Deploy.0 = Release|Any CPU
		{5513125A-D9D4-4807-8989-2A24E952B1AB}.Debug|Any CPU.ActiveCfg = Debug|Any CPU
		{5513125A-D9D4-4807-8989-2A24E952B1AB}.Debug|Any CPU.Build.0 = Debug|Any CPU
		{5513125A-D9D4-4807-8989-2A24E952B1AB}.Debug|Any CPU.Deploy.0 = Debug|Any CPU
		{5513125A-D9D4-4807-8989-2A24E952B1AB}.Debug|iPhone.ActiveCfg = Debug|Any CPU
		{5513125A-D9D4-4807-8989-2A24E952B1AB}.Debug|iPhone.Build.0 = Debug|Any CPU
		{5513125A-D9D4-4807-8989-2A24E952B1AB}.Debug|iPhone.Deploy.0 = Debug|Any CPU
		{5513125A-D9D4-4807-8989-2A24E952B1AB}.Debug|iPhoneSimulator.ActiveCfg = Debug|Any CPU
		{5513125A-D9D4-4807-8989-2A24E952B1AB}.Debug|iPhoneSimulator.Build.0 = Debug|Any CPU
		{5513125A-D9D4-4807-8989-2A24E952B1AB}.Debug|iPhoneSimulator.Deploy.0 = Debug|Any CPU
		{5513125A-D9D4-4807-8989-2A24E952B1AB}.Debug|x64.ActiveCfg = Debug|Any CPU
		{5513125A-D9D4-4807-8989-2A24E952B1AB}.Debug|x64.Build.0 = Debug|Any CPU
		{5513125A-D9D4-4807-8989-2A24E952B1AB}.Debug|x64.Deploy.0 = Debug|Any CPU
		{5513125A-D9D4-4807-8989-2A24E952B1AB}.Debug|x86.ActiveCfg = Debug|Any CPU
		{5513125A-D9D4-4807-8989-2A24E952B1AB}.Debug|x86.Build.0 = Debug|Any CPU
		{5513125A-D9D4-4807-8989-2A24E952B1AB}.Debug|x86.Deploy.0 = Debug|Any CPU
		{5513125A-D9D4-4807-8989-2A24E952B1AB}.Release|Any CPU.ActiveCfg = Release|Any CPU
		{5513125A-D9D4-4807-8989-2A24E952B1AB}.Release|Any CPU.Build.0 = Release|Any CPU
		{5513125A-D9D4-4807-8989-2A24E952B1AB}.Release|Any CPU.Deploy.0 = Release|Any CPU
		{5513125A-D9D4-4807-8989-2A24E952B1AB}.Release|iPhone.ActiveCfg = Release|Any CPU
		{5513125A-D9D4-4807-8989-2A24E952B1AB}.Release|iPhone.Build.0 = Release|Any CPU
		{5513125A-D9D4-4807-8989-2A24E952B1AB}.Release|iPhone.Deploy.0 = Release|Any CPU
		{5513125A-D9D4-4807-8989-2A24E952B1AB}.Release|iPhoneSimulator.ActiveCfg = Release|Any CPU
		{5513125A-D9D4-4807-8989-2A24E952B1AB}.Release|iPhoneSimulator.Build.0 = Release|Any CPU
		{5513125A-D9D4-4807-8989-2A24E952B1AB}.Release|iPhoneSimulator.Deploy.0 = Release|Any CPU
		{5513125A-D9D4-4807-8989-2A24E952B1AB}.Release|x64.ActiveCfg = Release|Any CPU
		{5513125A-D9D4-4807-8989-2A24E952B1AB}.Release|x64.Build.0 = Release|Any CPU
		{5513125A-D9D4-4807-8989-2A24E952B1AB}.Release|x64.Deploy.0 = Release|Any CPU
		{5513125A-D9D4-4807-8989-2A24E952B1AB}.Release|x86.ActiveCfg = Release|Any CPU
		{5513125A-D9D4-4807-8989-2A24E952B1AB}.Release|x86.Build.0 = Release|Any CPU
		{5513125A-D9D4-4807-8989-2A24E952B1AB}.Release|x86.Deploy.0 = Release|Any CPU
		{AD862008-DA88-4733-88BD-4032F571E98D}.Ad-Hoc|Any CPU.ActiveCfg = Ad-Hoc|iPhone
		{AD862008-DA88-4733-88BD-4032F571E98D}.Ad-Hoc|iPhone.ActiveCfg = Ad-Hoc|iPhone
		{AD862008-DA88-4733-88BD-4032F571E98D}.Ad-Hoc|iPhone.Build.0 = Ad-Hoc|iPhone
		{AD862008-DA88-4733-88BD-4032F571E98D}.Ad-Hoc|iPhoneSimulator.ActiveCfg = Ad-Hoc|iPhoneSimulator
		{AD862008-DA88-4733-88BD-4032F571E98D}.Ad-Hoc|iPhoneSimulator.Build.0 = Ad-Hoc|iPhoneSimulator
		{AD862008-DA88-4733-88BD-4032F571E98D}.Ad-Hoc|x64.ActiveCfg = Ad-Hoc|iPhone
		{AD862008-DA88-4733-88BD-4032F571E98D}.Ad-Hoc|x86.ActiveCfg = Ad-Hoc|iPhone
		{AD862008-DA88-4733-88BD-4032F571E98D}.AppStore|Any CPU.ActiveCfg = AppStore|iPhone
		{AD862008-DA88-4733-88BD-4032F571E98D}.AppStore|iPhone.ActiveCfg = AppStore|iPhone
		{AD862008-DA88-4733-88BD-4032F571E98D}.AppStore|iPhone.Build.0 = AppStore|iPhone
		{AD862008-DA88-4733-88BD-4032F571E98D}.AppStore|iPhoneSimulator.ActiveCfg = AppStore|iPhoneSimulator
		{AD862008-DA88-4733-88BD-4032F571E98D}.AppStore|iPhoneSimulator.Build.0 = AppStore|iPhoneSimulator
		{AD862008-DA88-4733-88BD-4032F571E98D}.AppStore|x64.ActiveCfg = AppStore|iPhone
		{AD862008-DA88-4733-88BD-4032F571E98D}.AppStore|x86.ActiveCfg = AppStore|iPhone
		{AD862008-DA88-4733-88BD-4032F571E98D}.Debug|Any CPU.ActiveCfg = Debug|iPhone
		{AD862008-DA88-4733-88BD-4032F571E98D}.Debug|iPhone.ActiveCfg = Debug|iPhone
		{AD862008-DA88-4733-88BD-4032F571E98D}.Debug|iPhone.Build.0 = Debug|iPhone
		{AD862008-DA88-4733-88BD-4032F571E98D}.Debug|iPhoneSimulator.ActiveCfg = Debug|iPhoneSimulator
		{AD862008-DA88-4733-88BD-4032F571E98D}.Debug|iPhoneSimulator.Build.0 = Debug|iPhoneSimulator
		{AD862008-DA88-4733-88BD-4032F571E98D}.Debug|x64.ActiveCfg = Debug|iPhone
		{AD862008-DA88-4733-88BD-4032F571E98D}.Debug|x86.ActiveCfg = Debug|iPhone
		{AD862008-DA88-4733-88BD-4032F571E98D}.Release|Any CPU.ActiveCfg = Release|iPhone
		{AD862008-DA88-4733-88BD-4032F571E98D}.Release|iPhone.ActiveCfg = Release|iPhone
		{AD862008-DA88-4733-88BD-4032F571E98D}.Release|iPhone.Build.0 = Release|iPhone
		{AD862008-DA88-4733-88BD-4032F571E98D}.Release|iPhoneSimulator.ActiveCfg = Release|iPhoneSimulator
		{AD862008-DA88-4733-88BD-4032F571E98D}.Release|iPhoneSimulator.Build.0 = Release|iPhoneSimulator
		{AD862008-DA88-4733-88BD-4032F571E98D}.Release|x64.ActiveCfg = Release|iPhone
		{AD862008-DA88-4733-88BD-4032F571E98D}.Release|x86.ActiveCfg = Release|iPhone
		{A0FF8365-1C95-4288-B327-83D88C7A1655}.Ad-Hoc|Any CPU.ActiveCfg = Release|Any CPU
		{A0FF8365-1C95-4288-B327-83D88C7A1655}.Ad-Hoc|Any CPU.Build.0 = Release|Any CPU
		{A0FF8365-1C95-4288-B327-83D88C7A1655}.Ad-Hoc|iPhone.ActiveCfg = Release|Any CPU
		{A0FF8365-1C95-4288-B327-83D88C7A1655}.Ad-Hoc|iPhone.Build.0 = Release|Any CPU
		{A0FF8365-1C95-4288-B327-83D88C7A1655}.Ad-Hoc|iPhoneSimulator.ActiveCfg = Release|Any CPU
		{A0FF8365-1C95-4288-B327-83D88C7A1655}.Ad-Hoc|iPhoneSimulator.Build.0 = Release|Any CPU
		{A0FF8365-1C95-4288-B327-83D88C7A1655}.Ad-Hoc|x64.ActiveCfg = Release|Any CPU
		{A0FF8365-1C95-4288-B327-83D88C7A1655}.Ad-Hoc|x64.Build.0 = Release|Any CPU
		{A0FF8365-1C95-4288-B327-83D88C7A1655}.Ad-Hoc|x86.ActiveCfg = Release|Any CPU
		{A0FF8365-1C95-4288-B327-83D88C7A1655}.Ad-Hoc|x86.Build.0 = Release|Any CPU
		{A0FF8365-1C95-4288-B327-83D88C7A1655}.AppStore|Any CPU.ActiveCfg = Release|Any CPU
		{A0FF8365-1C95-4288-B327-83D88C7A1655}.AppStore|Any CPU.Build.0 = Release|Any CPU
		{A0FF8365-1C95-4288-B327-83D88C7A1655}.AppStore|iPhone.ActiveCfg = Release|Any CPU
		{A0FF8365-1C95-4288-B327-83D88C7A1655}.AppStore|iPhone.Build.0 = Release|Any CPU
		{A0FF8365-1C95-4288-B327-83D88C7A1655}.AppStore|iPhoneSimulator.ActiveCfg = Release|Any CPU
		{A0FF8365-1C95-4288-B327-83D88C7A1655}.AppStore|iPhoneSimulator.Build.0 = Release|Any CPU
		{A0FF8365-1C95-4288-B327-83D88C7A1655}.AppStore|x64.ActiveCfg = Release|Any CPU
		{A0FF8365-1C95-4288-B327-83D88C7A1655}.AppStore|x64.Build.0 = Release|Any CPU
		{A0FF8365-1C95-4288-B327-83D88C7A1655}.AppStore|x86.ActiveCfg = Release|Any CPU
		{A0FF8365-1C95-4288-B327-83D88C7A1655}.AppStore|x86.Build.0 = Release|Any CPU
		{A0FF8365-1C95-4288-B327-83D88C7A1655}.Debug|Any CPU.ActiveCfg = Debug|Any CPU
		{A0FF8365-1C95-4288-B327-83D88C7A1655}.Debug|Any CPU.Build.0 = Debug|Any CPU
		{A0FF8365-1C95-4288-B327-83D88C7A1655}.Debug|iPhone.ActiveCfg = Debug|Any CPU
		{A0FF8365-1C95-4288-B327-83D88C7A1655}.Debug|iPhone.Build.0 = Debug|Any CPU
		{A0FF8365-1C95-4288-B327-83D88C7A1655}.Debug|iPhoneSimulator.ActiveCfg = Debug|Any CPU
		{A0FF8365-1C95-4288-B327-83D88C7A1655}.Debug|iPhoneSimulator.Build.0 = Debug|Any CPU
		{A0FF8365-1C95-4288-B327-83D88C7A1655}.Debug|x64.ActiveCfg = Debug|Any CPU
		{A0FF8365-1C95-4288-B327-83D88C7A1655}.Debug|x64.Build.0 = Debug|Any CPU
		{A0FF8365-1C95-4288-B327-83D88C7A1655}.Debug|x86.ActiveCfg = Debug|Any CPU
		{A0FF8365-1C95-4288-B327-83D88C7A1655}.Debug|x86.Build.0 = Debug|Any CPU
		{A0FF8365-1C95-4288-B327-83D88C7A1655}.Release|Any CPU.ActiveCfg = Release|Any CPU
		{A0FF8365-1C95-4288-B327-83D88C7A1655}.Release|Any CPU.Build.0 = Release|Any CPU
		{A0FF8365-1C95-4288-B327-83D88C7A1655}.Release|iPhone.ActiveCfg = Release|Any CPU
		{A0FF8365-1C95-4288-B327-83D88C7A1655}.Release|iPhone.Build.0 = Release|Any CPU
		{A0FF8365-1C95-4288-B327-83D88C7A1655}.Release|iPhoneSimulator.ActiveCfg = Release|Any CPU
		{A0FF8365-1C95-4288-B327-83D88C7A1655}.Release|iPhoneSimulator.Build.0 = Release|Any CPU
		{A0FF8365-1C95-4288-B327-83D88C7A1655}.Release|x64.ActiveCfg = Release|Any CPU
		{A0FF8365-1C95-4288-B327-83D88C7A1655}.Release|x64.Build.0 = Release|Any CPU
		{A0FF8365-1C95-4288-B327-83D88C7A1655}.Release|x86.ActiveCfg = Release|Any CPU
		{A0FF8365-1C95-4288-B327-83D88C7A1655}.Release|x86.Build.0 = Release|Any CPU
	EndGlobalSection
	GlobalSection(SolutionProperties) = preSolution
		HideSolutionNode = FALSE
	EndGlobalSection
	GlobalSection(NestedProjects) = preSolution
		{ED1A2EBF-97AB-4E08-AE35-0E19F74EEC1E} = {B61B2178-D101-4724-A637-DC8E456693FA}
		{F2808334-C47D-4C75-AE6E-28E50FBBD9AD} = {B7AF16A4-F5EA-4830-B54F-48C80E02F0AE}
		{5513125A-D9D4-4807-8989-2A24E952B1AB} = {B61B2178-D101-4724-A637-DC8E456693FA}
		{AD862008-DA88-4733-88BD-4032F571E98D} = {B61B2178-D101-4724-A637-DC8E456693FA}
		{8DECC0A5-EB54-4490-974A-9B05139E2AF0} = {B61B2178-D101-4724-A637-DC8E456693FA}
		{A0FF8365-1C95-4288-B327-83D88C7A1655} = {8DECC0A5-EB54-4490-974A-9B05139E2AF0}
	EndGlobalSection
EndGlobal
